
Microsoft Visual Studio Solution File, Format Version 12.00
# Visual Studio 15
VisualStudioVersion = 15.0.28307.902
MinimumVisualStudioVersion = 10.0.40219.1
Project("{FAE04EC0-301F-11D3-BF4B-00C04F79EFBC}") = "CapaDatos", "CapaDatos\CapaDatos.csproj", "{052E75BB-16F7-45A3-A7EA-1C9468C43AA4}"
EndProject
Project("{FAE04EC0-301F-11D3-BF4B-00C04F79EFBC}") = "CapaEntidades", "CapaEntidades\CapaEntidades.csproj", "{04D03FB9-E624-41F1-9EFF-4D41519A7D86}"
EndProject
Project("{FAE04EC0-301F-11D3-BF4B-00C04F79EFBC}") = "CapaNegocio", "CapaNegocio\CapaNegocio.csproj", "{89279002-745C-4D1B-A966-D52AD300F3B7}"
EndProject
Project("{FAE04EC0-301F-11D3-BF4B-00C04F79EFBC}") = "CapaPresentacion", "CapaPresentacion\CapaPresentacion.csproj", "{918C1C87-511A-4E3C-B67D-F5B90AFBE367}"
EndProject
Project("{FAE04EC0-301F-11D3-BF4B-00C04F79EFBC}") = "Inicio", "Inicio\Inicio.csproj", "{058A4694-939E-4B75-B09B-AC9EAA1A8D67}"
EndProject
Global
	GlobalSection(SolutionConfigurationPlatforms) = preSolution
		Debug|Any CPU = Debug|Any CPU
		Release|Any CPU = Release|Any CPU
	EndGlobalSection
	GlobalSection(ProjectConfigurationPlatforms) = postSolution
		{052E75BB-16F7-45A3-A7EA-1C9468C43AA4}.Debug|Any CPU.ActiveCfg = Debug|Any CPU
		{052E75BB-16F7-45A3-A7EA-1C9468C43AA4}.Debug|Any CPU.Build.0 = Debug|Any CPU
		{052E75BB-16F7-45A3-A7EA-1C9468C43AA4}.Release|Any CPU.ActiveCfg = Release|Any CPU
		{052E75BB-16F7-45A3-A7EA-1C9468C43AA4}.Release|Any CPU.Build.0 = Release|Any CPU
		{04D03FB9-E624-41F1-9EFF-4D41519A7D86}.Debug|Any CPU.ActiveCfg = Debug|Any CPU
		{04D03FB9-E624-41F1-9EFF-4D41519A7D86}.Debug|Any CPU.Build.0 = Debug|Any CPU
		{04D03FB9-E624-41F1-9EFF-4D41519A7D86}.Release|Any CPU.ActiveCfg = Release|Any CPU
		{04D03FB9-E624-41F1-9EFF-4D41519A7D86}.Release|Any CPU.Build.0 = Release|Any CPU
		{89279002-745C-4D1B-A966-D52AD300F3B7}.Debug|Any CPU.ActiveCfg = Debug|Any CPU
		{89279002-745C-4D1B-A966-D52AD300F3B7}.Debug|Any CPU.Build.0 = Debug|Any CPU
		{89279002-745C-4D1B-A966-D52AD300F3B7}.Release|Any CPU.ActiveCfg = Release|Any CPU
		{89279002-745C-4D1B-A966-D52AD300F3B7}.Release|Any CPU.Build.0 = Release|Any CPU
		{918C1C87-511A-4E3C-B67D-F5B90AFBE367}.Debug|Any CPU.ActiveCfg = Debug|Any CPU
		{918C1C87-511A-4E3C-B67D-F5B90AFBE367}.Debug|Any CPU.Build.0 = Debug|Any CPU
		{918C1C87-511A-4E3C-B67D-F5B90AFBE367}.Release|Any CPU.ActiveCfg = Release|Any CPU
		{918C1C87-511A-4E3C-B67D-F5B90AFBE367}.Release|Any CPU.Build.0 = Release|Any CPU
		{058A4694-939E-4B75-B09B-AC9EAA1A8D67}.Debug|Any CPU.ActiveCfg = Debug|Any CPU
		{058A4694-939E-4B75-B09B-AC9EAA1A8D67}.Debug|Any CPU.Build.0 = Debug|Any CPU
		{058A4694-939E-4B75-B09B-AC9EAA1A8D67}.Release|Any CPU.ActiveCfg = Release|Any CPU
		{058A4694-939E-4B75-B09B-AC9EAA1A8D67}.Release|Any CPU.Build.0 = Release|Any CPU
	EndGlobalSection
	GlobalSection(SolutionProperties) = preSolution
		HideSolutionNode = FALSE
	EndGlobalSection
	GlobalSection(ExtensibilityGlobals) = postSolution
		SolutionGuid = {4DBBE7F0-58F1-42B3-9CAD-1209E2CFF7E0}
	EndGlobalSection
EndGlobal
